
Microsoft Visual Studio Solution File, Format Version 12.00
# Visual Studio 15
VisualStudioVersion = 15.0.28307.329
MinimumVisualStudioVersion = 10.0.40219.1
Project("{FAE04EC0-301F-11D3-BF4B-00C04F79EFBC}") = "TMG1", "TMG1\TMG1.csproj", "{8EC74179-4A94-4D92-9AF1-D214A97405CE}"
EndProject
Global
	GlobalSection(SolutionConfigurationPlatforms) = preSolution
		Debug|Any CPU = Debug|Any CPU
		Release|Any CPU = Release|Any CPU
	EndGlobalSection
	GlobalSection(ProjectConfigurationPlatforms) = postSolution
		{8EC74179-4A94-4D92-9AF1-D214A97405CE}.Debug|Any CPU.ActiveCfg = Debug|Any CPU
		{8EC74179-4A94-4D92-9AF1-D214A97405CE}.Debug|Any CPU.Build.0 = Debug|Any CPU
		{8EC74179-4A94-4D92-9AF1-D214A97405CE}.Release|Any CPU.ActiveCfg = Release|Any CPU
		{8EC74179-4A94-4D92-9AF1-D214A97405CE}.Release|Any CPU.Build.0 = Release|Any CPU
	EndGlobalSection
	GlobalSection(SolutionProperties) = preSolution
		HideSolutionNode = FALSE
	EndGlobalSection
	GlobalSection(ExtensibilityGlobals) = postSolution
		SolutionGuid = {3CBBB380-8E37-498B-B465-77CEC963ABDE}
	EndGlobalSection
EndGlobal
